
Microsoft Visual Studio Solution File, Format Version 12.00
# Visual Studio 2012
Project("{FAE04EC0-301F-11D3-BF4B-00C04F79EFBC}") = "01.MultiBy5", "MultiBy5\01.MultiBy5.csproj", "{27E4587E-DEE3-49BC-8455-527DF33D78DE}"
EndProject
Project("{FAE04EC0-301F-11D3-BF4B-00C04F79EFBC}") = "02.TwoArrayCompare", "02.TwoArrayCompare\02.TwoArrayCompare.csproj", "{59C5725D-0DED-4A8E-9379-44EC1361B711}"
EndProject
Project("{FAE04EC0-301F-11D3-BF4B-00C04F79EFBC}") = "03.TwoArraysChar", "03.TwoArraysChar\03.TwoArraysChar.csproj", "{3EB1BFA3-A785-4F9B-9E84-67A01081D375}"
EndProject
Project("{FAE04EC0-301F-11D3-BF4B-00C04F79EFBC}") = "06.NKmaxSum", "06.NKmaxSum\06.NKmaxSum.csproj", "{CA1F712E-E220-4D7C-BCE6-8D3F86C0A3F2}"
EndProject
Project("{FAE04EC0-301F-11D3-BF4B-00C04F79EFBC}") = "09.FrequentNum", "09.FrequentNum\09.FrequentNum.csproj", "{38828968-8DF0-4AF8-8F13-DBF3EF63DAA0}"
EndProject
Project("{FAE04EC0-301F-11D3-BF4B-00C04F79EFBC}") = "10.SeqSumS", "10.SeqSumS\10.SeqSumS.csproj", "{5ACAFD52-6EBF-49B1-BF20-710156DFDD06}"
EndProject
Project("{FAE04EC0-301F-11D3-BF4B-00C04F79EFBC}") = "12.LetterIndex", "12.LetterIndex\12.LetterIndex.csproj", "{E78049C2-FDF5-42F4-8711-2BBF5E11BED3}"
EndProject
Project("{FAE04EC0-301F-11D3-BF4B-00C04F79EFBC}") = "15.PrimeNumbers", "15.PrimeNumbers\15.PrimeNumbers.csproj", "{6DB4D6BF-0026-4A30-97AD-DF6025D1D5CC}"
EndProject
Project("{FAE04EC0-301F-11D3-BF4B-00C04F79EFBC}") = "04.MaxSeqEqual", "04.MaxSeqEqual\04.MaxSeqEqual.csproj", "{9FBFFAE0-4CE0-44B1-A0E1-66285B628BDE}"
EndProject
Project("{FAE04EC0-301F-11D3-BF4B-00C04F79EFBC}") = "05.IncreaseSeq", "05.IncreaseSeq\05.IncreaseSeq.csproj", "{26E9FF5D-FD7F-402A-8338-5F2FDAF889FF}"
EndProject
Project("{FAE04EC0-301F-11D3-BF4B-00C04F79EFBC}") = "07.SelectionSort", "07.SelectionSort\07.SelectionSort.csproj", "{DE65314D-6290-41E5-9E04-B4EF7D0F74CE}"
EndProject
Project("{FAE04EC0-301F-11D3-BF4B-00C04F79EFBC}") = "08.MaxSumSeq", "08.MaxSumSeq\08.MaxSumSeq.csproj", "{80C916AA-2374-435A-9763-FB1B2070D76E}"
EndProject
Project("{FAE04EC0-301F-11D3-BF4B-00C04F79EFBC}") = "11.BinarySearch", "11.BinarySearch\11.BinarySearch.csproj", "{64559814-788C-4B91-872F-A9E268562B45}"
EndProject
Project("{FAE04EC0-301F-11D3-BF4B-00C04F79EFBC}") = "13.MergeSort", "13.MergeSort\13.MergeSort.csproj", "{B1C0B9E2-F374-4CB3-AC02-959ED146AB2F}"
EndProject
Project("{FAE04EC0-301F-11D3-BF4B-00C04F79EFBC}") = "14.QuickSort", "14.QuickSort\14.QuickSort.csproj", "{E3E60259-8BCF-4D6B-B92B-8A16E1EF04A7}"
EndProject
Project("{FAE04EC0-301F-11D3-BF4B-00C04F79EFBC}") = "16.SubsetSum", "16.SubsetSum\16.SubsetSum.csproj", "{954CBC55-E832-4069-9843-3CE191AA2BDF}"
EndProject
Project("{FAE04EC0-301F-11D3-BF4B-00C04F79EFBC}") = "17.SubKSumS", "17.SubKSumS\17.SubKSumS.csproj", "{573014B4-CD81-48F1-A273-9FC4F098B51F}"
EndProject
Project("{FAE04EC0-301F-11D3-BF4B-00C04F79EFBC}") = "18.IncrArray", "18.IncrArray\18.IncrArray.csproj", "{B3336AF2-6BF5-4B4F-B096-3A9AAE96D408}"
EndProject
Project("{FAE04EC0-301F-11D3-BF4B-00C04F79EFBC}") = "19.Permut1toN", "19.Permut1toN\19.Permut1toN.csproj", "{55C8F7F5-2809-4E7A-ABCC-5E47A2CF854A}"
EndProject
Project("{FAE04EC0-301F-11D3-BF4B-00C04F79EFBC}") = "20.NKVariations", "20.NKVariations\20.NKVariations.csproj", "{C550829E-AA2E-483F-953A-C9887C0EEC46}"
EndProject
Project("{FAE04EC0-301F-11D3-BF4B-00C04F79EFBC}") = "21.NKCombinations", "21.NKCombinations\21.NKCombinations.csproj", "{D7F56C2F-F848-40AE-AEE1-8F332F6E7064}"
EndProject
Global
	GlobalSection(SolutionConfigurationPlatforms) = preSolution
		Debug|Any CPU = Debug|Any CPU
		Release|Any CPU = Release|Any CPU
	EndGlobalSection
	GlobalSection(ProjectConfigurationPlatforms) = postSolution
		{27E4587E-DEE3-49BC-8455-527DF33D78DE}.Debug|Any CPU.ActiveCfg = Debug|Any CPU
		{27E4587E-DEE3-49BC-8455-527DF33D78DE}.Debug|Any CPU.Build.0 = Debug|Any CPU
		{27E4587E-DEE3-49BC-8455-527DF33D78DE}.Release|Any CPU.ActiveCfg = Release|Any CPU
		{27E4587E-DEE3-49BC-8455-527DF33D78DE}.Release|Any CPU.Build.0 = Release|Any CPU
		{59C5725D-0DED-4A8E-9379-44EC1361B711}.Debug|Any CPU.ActiveCfg = Debug|Any CPU
		{59C5725D-0DED-4A8E-9379-44EC1361B711}.Debug|Any CPU.Build.0 = Debug|Any CPU
		{59C5725D-0DED-4A8E-9379-44EC1361B711}.Release|Any CPU.ActiveCfg = Release|Any CPU
		{59C5725D-0DED-4A8E-9379-44EC1361B711}.Release|Any CPU.Build.0 = Release|Any CPU
		{3EB1BFA3-A785-4F9B-9E84-67A01081D375}.Debug|Any CPU.ActiveCfg = Debug|Any CPU
		{3EB1BFA3-A785-4F9B-9E84-67A01081D375}.Debug|Any CPU.Build.0 = Debug|Any CPU
		{3EB1BFA3-A785-4F9B-9E84-67A01081D375}.Release|Any CPU.ActiveCfg = Release|Any CPU
		{3EB1BFA3-A785-4F9B-9E84-67A01081D375}.Release|Any CPU.Build.0 = Release|Any CPU
		{CA1F712E-E220-4D7C-BCE6-8D3F86C0A3F2}.Debug|Any CPU.ActiveCfg = Debug|Any CPU
		{CA1F712E-E220-4D7C-BCE6-8D3F86C0A3F2}.Debug|Any CPU.Build.0 = Debug|Any CPU
		{CA1F712E-E220-4D7C-BCE6-8D3F86C0A3F2}.Release|Any CPU.ActiveCfg = Release|Any CPU
		{CA1F712E-E220-4D7C-BCE6-8D3F86C0A3F2}.Release|Any CPU.Build.0 = Release|Any CPU
		{38828968-8DF0-4AF8-8F13-DBF3EF63DAA0}.Debug|Any CPU.ActiveCfg = Debug|Any CPU
		{38828968-8DF0-4AF8-8F13-DBF3EF63DAA0}.Debug|Any CPU.Build.0 = Debug|Any CPU
		{38828968-8DF0-4AF8-8F13-DBF3EF63DAA0}.Release|Any CPU.ActiveCfg = Release|Any CPU
		{38828968-8DF0-4AF8-8F13-DBF3EF63DAA0}.Release|Any CPU.Build.0 = Release|Any CPU
		{5ACAFD52-6EBF-49B1-BF20-710156DFDD06}.Debug|Any CPU.ActiveCfg = Debug|Any CPU
		{5ACAFD52-6EBF-49B1-BF20-710156DFDD06}.Debug|Any CPU.Build.0 = Debug|Any CPU
		{5ACAFD52-6EBF-49B1-BF20-710156DFDD06}.Release|Any CPU.ActiveCfg = Release|Any CPU
		{5ACAFD52-6EBF-49B1-BF20-710156DFDD06}.Release|Any CPU.Build.0 = Release|Any CPU
		{E78049C2-FDF5-42F4-8711-2BBF5E11BED3}.Debug|Any CPU.ActiveCfg = Debug|Any CPU
		{E78049C2-FDF5-42F4-8711-2BBF5E11BED3}.Debug|Any CPU.Build.0 = Debug|Any CPU
		{E78049C2-FDF5-42F4-8711-2BBF5E11BED3}.Release|Any CPU.ActiveCfg = Release|Any CPU
		{E78049C2-FDF5-42F4-8711-2BBF5E11BED3}.Release|Any CPU.Build.0 = Release|Any CPU
		{6DB4D6BF-0026-4A30-97AD-DF6025D1D5CC}.Debug|Any CPU.ActiveCfg = Debug|Any CPU
		{6DB4D6BF-0026-4A30-97AD-DF6025D1D5CC}.Debug|Any CPU.Build.0 = Debug|Any CPU
		{6DB4D6BF-0026-4A30-97AD-DF6025D1D5CC}.Release|Any CPU.ActiveCfg = Release|Any CPU
		{6DB4D6BF-0026-4A30-97AD-DF6025D1D5CC}.Release|Any CPU.Build.0 = Release|Any CPU
		{9FBFFAE0-4CE0-44B1-A0E1-66285B628BDE}.Debug|Any CPU.ActiveCfg = Debug|Any CPU
		{9FBFFAE0-4CE0-44B1-A0E1-66285B628BDE}.Debug|Any CPU.Build.0 = Debug|Any CPU
		{9FBFFAE0-4CE0-44B1-A0E1-66285B628BDE}.Release|Any CPU.ActiveCfg = Release|Any CPU
		{9FBFFAE0-4CE0-44B1-A0E1-66285B628BDE}.Release|Any CPU.Build.0 = Release|Any CPU
		{26E9FF5D-FD7F-402A-8338-5F2FDAF889FF}.Debug|Any CPU.ActiveCfg = Debug|Any CPU
		{26E9FF5D-FD7F-402A-8338-5F2FDAF889FF}.Debug|Any CPU.Build.0 = Debug|Any CPU
		{26E9FF5D-FD7F-402A-8338-5F2FDAF889FF}.Release|Any CPU.ActiveCfg = Release|Any CPU
		{26E9FF5D-FD7F-402A-8338-5F2FDAF889FF}.Release|Any CPU.Build.0 = Release|Any CPU
		{DE65314D-6290-41E5-9E04-B4EF7D0F74CE}.Debug|Any CPU.ActiveCfg = Debug|Any CPU
		{DE65314D-6290-41E5-9E04-B4EF7D0F74CE}.Debug|Any CPU.Build.0 = Debug|Any CPU
		{DE65314D-6290-41E5-9E04-B4EF7D0F74CE}.Release|Any CPU.ActiveCfg = Release|Any CPU
		{DE65314D-6290-41E5-9E04-B4EF7D0F74CE}.Release|Any CPU.Build.0 = Release|Any CPU
		{80C916AA-2374-435A-9763-FB1B2070D76E}.Debug|Any CPU.ActiveCfg = Debug|Any CPU
		{80C916AA-2374-435A-9763-FB1B2070D76E}.Debug|Any CPU.Build.0 = Debug|Any CPU
		{80C916AA-2374-435A-9763-FB1B2070D76E}.Release|Any CPU.ActiveCfg = Release|Any CPU
		{80C916AA-2374-435A-9763-FB1B2070D76E}.Release|Any CPU.Build.0 = Release|Any CPU
		{64559814-788C-4B91-872F-A9E268562B45}.Debug|Any CPU.ActiveCfg = Debug|Any CPU
		{64559814-788C-4B91-872F-A9E268562B45}.Debug|Any CPU.Build.0 = Debug|Any CPU
		{64559814-788C-4B91-872F-A9E268562B45}.Release|Any CPU.ActiveCfg = Release|Any CPU
		{64559814-788C-4B91-872F-A9E268562B45}.Release|Any CPU.Build.0 = Release|Any CPU
		{B1C0B9E2-F374-4CB3-AC02-959ED146AB2F}.Debug|Any CPU.ActiveCfg = Debug|Any CPU
		{B1C0B9E2-F374-4CB3-AC02-959ED146AB2F}.Debug|Any CPU.Build.0 = Debug|Any CPU
		{B1C0B9E2-F374-4CB3-AC02-959ED146AB2F}.Release|Any CPU.ActiveCfg = Release|Any CPU
		{B1C0B9E2-F374-4CB3-AC02-959ED146AB2F}.Release|Any CPU.Build.0 = Release|Any CPU
		{E3E60259-8BCF-4D6B-B92B-8A16E1EF04A7}.Debug|Any CPU.ActiveCfg = Debug|Any CPU
		{E3E60259-8BCF-4D6B-B92B-8A16E1EF04A7}.Debug|Any CPU.Build.0 = Debug|Any CPU
		{E3E60259-8BCF-4D6B-B92B-8A16E1EF04A7}.Release|Any CPU.ActiveCfg = Release|Any CPU
		{E3E60259-8BCF-4D6B-B92B-8A16E1EF04A7}.Release|Any CPU.Build.0 = Release|Any CPU
		{954CBC55-E832-4069-9843-3CE191AA2BDF}.Debug|Any CPU.ActiveCfg = Debug|Any CPU
		{954CBC55-E832-4069-9843-3CE191AA2BDF}.Debug|Any CPU.Build.0 = Debug|Any CPU
		{954CBC55-E832-4069-9843-3CE191AA2BDF}.Release|Any CPU.ActiveCfg = Release|Any CPU
		{954CBC55-E832-4069-9843-3CE191AA2BDF}.Release|Any CPU.Build.0 = Release|Any CPU
		{573014B4-CD81-48F1-A273-9FC4F098B51F}.Debug|Any CPU.ActiveCfg = Debug|Any CPU
		{573014B4-CD81-48F1-A273-9FC4F098B51F}.Debug|Any CPU.Build.0 = Debug|Any CPU
		{573014B4-CD81-48F1-A273-9FC4F098B51F}.Release|Any CPU.ActiveCfg = Release|Any CPU
		{573014B4-CD81-48F1-A273-9FC4F098B51F}.Release|Any CPU.Build.0 = Release|Any CPU
		{B3336AF2-6BF5-4B4F-B096-3A9AAE96D408}.Debug|Any CPU.ActiveCfg = Debug|Any CPU
		{B3336AF2-6BF5-4B4F-B096-3A9AAE96D408}.Debug|Any CPU.Build.0 = Debug|Any CPU
		{B3336AF2-6BF5-4B4F-B096-3A9AAE96D408}.Release|Any CPU.ActiveCfg = Release|Any CPU
		{B3336AF2-6BF5-4B4F-B096-3A9AAE96D408}.Release|Any CPU.Build.0 = Release|Any CPU
		{55C8F7F5-2809-4E7A-ABCC-5E47A2CF854A}.Debug|Any CPU.ActiveCfg = Debug|Any CPU
		{55C8F7F5-2809-4E7A-ABCC-5E47A2CF854A}.Debug|Any CPU.Build.0 = Debug|Any CPU
		{55C8F7F5-2809-4E7A-ABCC-5E47A2CF854A}.Release|Any CPU.ActiveCfg = Release|Any CPU
		{55C8F7F5-2809-4E7A-ABCC-5E47A2CF854A}.Release|Any CPU.Build.0 = Release|Any CPU
		{C550829E-AA2E-483F-953A-C9887C0EEC46}.Debug|Any CPU.ActiveCfg = Debug|Any CPU
		{C550829E-AA2E-483F-953A-C9887C0EEC46}.Debug|Any CPU.Build.0 = Debug|Any CPU
		{C550829E-AA2E-483F-953A-C9887C0EEC46}.Release|Any CPU.ActiveCfg = Release|Any CPU
		{C550829E-AA2E-483F-953A-C9887C0EEC46}.Release|Any CPU.Build.0 = Release|Any CPU
		{D7F56C2F-F848-40AE-AEE1-8F332F6E7064}.Debug|Any CPU.ActiveCfg = Debug|Any CPU
		{D7F56C2F-F848-40AE-AEE1-8F332F6E7064}.Debug|Any CPU.Build.0 = Debug|Any CPU
		{D7F56C2F-F848-40AE-AEE1-8F332F6E7064}.Release|Any CPU.ActiveCfg = Release|Any CPU
		{D7F56C2F-F848-40AE-AEE1-8F332F6E7064}.Release|Any CPU.Build.0 = Release|Any CPU
	EndGlobalSection
	GlobalSection(SolutionProperties) = preSolution
		HideSolutionNode = FALSE
	EndGlobalSection
EndGlobal
