
Microsoft Visual Studio Solution File, Format Version 12.00
# Visual Studio 2012
Project("{FAE04EC0-301F-11D3-BF4B-00C04F79EFBC}") = "01.OneToN", "01.OneToN\01.OneToN.csproj", "{BD7D3A36-4813-41EA-9241-1114FB6E03B2}"
EndProject
Project("{FAE04EC0-301F-11D3-BF4B-00C04F79EFBC}") = "02.NotDiv3and7", "02.NotDiv3and7\02.NotDiv3and7.csproj", "{9699B048-0208-400F-9A79-95B84C41A7BD}"
EndProject
Project("{FAE04EC0-301F-11D3-BF4B-00C04F79EFBC}") = "03.MinMax", "03.MinMax\03.MinMax.csproj", "{B71ED547-5F85-4E45-AB68-CD4B00258AE0}"
EndProject
Project("{FAE04EC0-301F-11D3-BF4B-00C04F79EFBC}") = "04.NdivKfact", "04.NKfact\04.NdivKfact.csproj", "{B989FC2F-2520-450D-9BA5-C00D216F0915}"
EndProject
Project("{FAE04EC0-301F-11D3-BF4B-00C04F79EFBC}") = "05.NKformulaFact", "05.NKformulaFact\05.NKformulaFact.csproj", "{3C30569D-A987-4635-9CE1-3ADFEAF7C17A}"
EndProject
Project("{FAE04EC0-301F-11D3-BF4B-00C04F79EFBC}") = "06.NXsum", "06.NXsum\06.NXsum.csproj", "{C420A7EA-AAB7-4783-8C01-A8BEDEB1C04D}"
EndProject
Project("{FAE04EC0-301F-11D3-BF4B-00C04F79EFBC}") = "07.Fibonnacci", "07.Fibonnacci\07.Fibonnacci.csproj", "{8B23D5B0-BA15-4A64-BEB1-05069BAA4477}"
EndProject
Project("{FAE04EC0-301F-11D3-BF4B-00C04F79EFBC}") = "08.GCD", "08.GCD\08.GCD.csproj", "{22CA67E4-0345-460E-AD6B-DDFD215EBA6C}"
EndProject
Project("{FAE04EC0-301F-11D3-BF4B-00C04F79EFBC}") = "09.10.CatalanNumbers", "09.CatalanNumbers\09.10.CatalanNumbers.csproj", "{13152479-0D60-4396-A738-7E3E3A5CD20C}"
EndProject
Project("{FAE04EC0-301F-11D3-BF4B-00C04F79EFBC}") = "11.Cards52", "11.Cards52\11.Cards52.csproj", "{3768B5E3-BA8C-4FBB-9356-E65B9B14948F}"
EndProject
Project("{FAE04EC0-301F-11D3-BF4B-00C04F79EFBC}") = "12.Nmatrix", "12.Nmatrix\12.Nmatrix.csproj", "{976C2735-720F-4D06-8A6A-32A2C4370F6F}"
EndProject
Project("{FAE04EC0-301F-11D3-BF4B-00C04F79EFBC}") = "13.TrailingZeros", "13.TrailingZeros\13.TrailingZeros.csproj", "{0048ADBD-0838-4340-A9B2-1DD76DEA2200}"
EndProject
Project("{FAE04EC0-301F-11D3-BF4B-00C04F79EFBC}") = "14.Nspiral", "14.Nspiral\14.Nspiral.csproj", "{C9FB5F33-AB78-4F77-8DC9-479C5D80BF94}"
EndProject
Global
	GlobalSection(SolutionConfigurationPlatforms) = preSolution
		Debug|Any CPU = Debug|Any CPU
		Release|Any CPU = Release|Any CPU
	EndGlobalSection
	GlobalSection(ProjectConfigurationPlatforms) = postSolution
		{BD7D3A36-4813-41EA-9241-1114FB6E03B2}.Debug|Any CPU.ActiveCfg = Debug|Any CPU
		{BD7D3A36-4813-41EA-9241-1114FB6E03B2}.Debug|Any CPU.Build.0 = Debug|Any CPU
		{BD7D3A36-4813-41EA-9241-1114FB6E03B2}.Release|Any CPU.ActiveCfg = Release|Any CPU
		{BD7D3A36-4813-41EA-9241-1114FB6E03B2}.Release|Any CPU.Build.0 = Release|Any CPU
		{9699B048-0208-400F-9A79-95B84C41A7BD}.Debug|Any CPU.ActiveCfg = Debug|Any CPU
		{9699B048-0208-400F-9A79-95B84C41A7BD}.Debug|Any CPU.Build.0 = Debug|Any CPU
		{9699B048-0208-400F-9A79-95B84C41A7BD}.Release|Any CPU.ActiveCfg = Release|Any CPU
		{9699B048-0208-400F-9A79-95B84C41A7BD}.Release|Any CPU.Build.0 = Release|Any CPU
		{B71ED547-5F85-4E45-AB68-CD4B00258AE0}.Debug|Any CPU.ActiveCfg = Debug|Any CPU
		{B71ED547-5F85-4E45-AB68-CD4B00258AE0}.Debug|Any CPU.Build.0 = Debug|Any CPU
		{B71ED547-5F85-4E45-AB68-CD4B00258AE0}.Release|Any CPU.ActiveCfg = Release|Any CPU
		{B71ED547-5F85-4E45-AB68-CD4B00258AE0}.Release|Any CPU.Build.0 = Release|Any CPU
		{B989FC2F-2520-450D-9BA5-C00D216F0915}.Debug|Any CPU.ActiveCfg = Debug|Any CPU
		{B989FC2F-2520-450D-9BA5-C00D216F0915}.Debug|Any CPU.Build.0 = Debug|Any CPU
		{B989FC2F-2520-450D-9BA5-C00D216F0915}.Release|Any CPU.ActiveCfg = Release|Any CPU
		{B989FC2F-2520-450D-9BA5-C00D216F0915}.Release|Any CPU.Build.0 = Release|Any CPU
		{3C30569D-A987-4635-9CE1-3ADFEAF7C17A}.Debug|Any CPU.ActiveCfg = Debug|Any CPU
		{3C30569D-A987-4635-9CE1-3ADFEAF7C17A}.Debug|Any CPU.Build.0 = Debug|Any CPU
		{3C30569D-A987-4635-9CE1-3ADFEAF7C17A}.Release|Any CPU.ActiveCfg = Release|Any CPU
		{3C30569D-A987-4635-9CE1-3ADFEAF7C17A}.Release|Any CPU.Build.0 = Release|Any CPU
		{C420A7EA-AAB7-4783-8C01-A8BEDEB1C04D}.Debug|Any CPU.ActiveCfg = Debug|Any CPU
		{C420A7EA-AAB7-4783-8C01-A8BEDEB1C04D}.Debug|Any CPU.Build.0 = Debug|Any CPU
		{C420A7EA-AAB7-4783-8C01-A8BEDEB1C04D}.Release|Any CPU.ActiveCfg = Release|Any CPU
		{C420A7EA-AAB7-4783-8C01-A8BEDEB1C04D}.Release|Any CPU.Build.0 = Release|Any CPU
		{8B23D5B0-BA15-4A64-BEB1-05069BAA4477}.Debug|Any CPU.ActiveCfg = Debug|Any CPU
		{8B23D5B0-BA15-4A64-BEB1-05069BAA4477}.Debug|Any CPU.Build.0 = Debug|Any CPU
		{8B23D5B0-BA15-4A64-BEB1-05069BAA4477}.Release|Any CPU.ActiveCfg = Release|Any CPU
		{8B23D5B0-BA15-4A64-BEB1-05069BAA4477}.Release|Any CPU.Build.0 = Release|Any CPU
		{22CA67E4-0345-460E-AD6B-DDFD215EBA6C}.Debug|Any CPU.ActiveCfg = Debug|Any CPU
		{22CA67E4-0345-460E-AD6B-DDFD215EBA6C}.Debug|Any CPU.Build.0 = Debug|Any CPU
		{22CA67E4-0345-460E-AD6B-DDFD215EBA6C}.Release|Any CPU.ActiveCfg = Release|Any CPU
		{22CA67E4-0345-460E-AD6B-DDFD215EBA6C}.Release|Any CPU.Build.0 = Release|Any CPU
		{13152479-0D60-4396-A738-7E3E3A5CD20C}.Debug|Any CPU.ActiveCfg = Debug|Any CPU
		{13152479-0D60-4396-A738-7E3E3A5CD20C}.Debug|Any CPU.Build.0 = Debug|Any CPU
		{13152479-0D60-4396-A738-7E3E3A5CD20C}.Release|Any CPU.ActiveCfg = Release|Any CPU
		{13152479-0D60-4396-A738-7E3E3A5CD20C}.Release|Any CPU.Build.0 = Release|Any CPU
		{3768B5E3-BA8C-4FBB-9356-E65B9B14948F}.Debug|Any CPU.ActiveCfg = Debug|Any CPU
		{3768B5E3-BA8C-4FBB-9356-E65B9B14948F}.Debug|Any CPU.Build.0 = Debug|Any CPU
		{3768B5E3-BA8C-4FBB-9356-E65B9B14948F}.Release|Any CPU.ActiveCfg = Release|Any CPU
		{3768B5E3-BA8C-4FBB-9356-E65B9B14948F}.Release|Any CPU.Build.0 = Release|Any CPU
		{976C2735-720F-4D06-8A6A-32A2C4370F6F}.Debug|Any CPU.ActiveCfg = Debug|Any CPU
		{976C2735-720F-4D06-8A6A-32A2C4370F6F}.Debug|Any CPU.Build.0 = Debug|Any CPU
		{976C2735-720F-4D06-8A6A-32A2C4370F6F}.Release|Any CPU.ActiveCfg = Release|Any CPU
		{976C2735-720F-4D06-8A6A-32A2C4370F6F}.Release|Any CPU.Build.0 = Release|Any CPU
		{0048ADBD-0838-4340-A9B2-1DD76DEA2200}.Debug|Any CPU.ActiveCfg = Debug|Any CPU
		{0048ADBD-0838-4340-A9B2-1DD76DEA2200}.Debug|Any CPU.Build.0 = Debug|Any CPU
		{0048ADBD-0838-4340-A9B2-1DD76DEA2200}.Release|Any CPU.ActiveCfg = Release|Any CPU
		{0048ADBD-0838-4340-A9B2-1DD76DEA2200}.Release|Any CPU.Build.0 = Release|Any CPU
		{C9FB5F33-AB78-4F77-8DC9-479C5D80BF94}.Debug|Any CPU.ActiveCfg = Debug|Any CPU
		{C9FB5F33-AB78-4F77-8DC9-479C5D80BF94}.Debug|Any CPU.Build.0 = Debug|Any CPU
		{C9FB5F33-AB78-4F77-8DC9-479C5D80BF94}.Release|Any CPU.ActiveCfg = Release|Any CPU
		{C9FB5F33-AB78-4F77-8DC9-479C5D80BF94}.Release|Any CPU.Build.0 = Release|Any CPU
	EndGlobalSection
	GlobalSection(SolutionProperties) = preSolution
		HideSolutionNode = FALSE
	EndGlobalSection
EndGlobal
