
Microsoft Visual Studio Solution File, Format Version 12.00
# Visual Studio 2012
Project("{FAE04EC0-301F-11D3-BF4B-00C04F79EFBC}") = "01.PrintMatrix", "01.PrintMatrix\01.PrintMatrix.csproj", "{C765C1F0-16E9-40EF-806C-390AA2DDE00E}"
EndProject
Project("{FAE04EC0-301F-11D3-BF4B-00C04F79EFBC}") = "02.MaxSum3x3", "02.MaxSum3x3\02.MaxSum3x3.csproj", "{CE675090-7099-431A-ADDC-D439FBBC19AB}"
EndProject
Project("{FAE04EC0-301F-11D3-BF4B-00C04F79EFBC}") = "03.StringSequence", "03.StringSequence\03.StringSequence.csproj", "{1D3593B4-4D77-4583-8D8D-BE55BB8E813B}"
EndProject
Project("{FAE04EC0-301F-11D3-BF4B-00C04F79EFBC}") = "05.SortStringArray", "05.SortStringArray\05.SortStringArray.csproj", "{C99876E0-F649-4B2F-9E79-AB594E59A794}"
EndProject
Project("{FAE04EC0-301F-11D3-BF4B-00C04F79EFBC}") = "07.LargestEqualArea", "07.LargestEqualArea\07.LargestEqualArea.csproj", "{450F8BB7-B084-492E-8FEB-6DB46B4722D4}"
EndProject
Project("{FAE04EC0-301F-11D3-BF4B-00C04F79EFBC}") = "04.SortNfindK", "04.SortNfindK\04.SortNfindK.csproj", "{046D024A-7BE6-432F-9D8B-524E22CD88B1}"
EndProject
Project("{FAE04EC0-301F-11D3-BF4B-00C04F79EFBC}") = "06.classMatrix", "06.classMatrix\06.classMatrix.csproj", "{A4B45DD6-E86B-4F7F-9676-D062A303793F}"
EndProject
Global
	GlobalSection(SolutionConfigurationPlatforms) = preSolution
		Debug|Any CPU = Debug|Any CPU
		Release|Any CPU = Release|Any CPU
	EndGlobalSection
	GlobalSection(ProjectConfigurationPlatforms) = postSolution
		{C765C1F0-16E9-40EF-806C-390AA2DDE00E}.Debug|Any CPU.ActiveCfg = Debug|Any CPU
		{C765C1F0-16E9-40EF-806C-390AA2DDE00E}.Debug|Any CPU.Build.0 = Debug|Any CPU
		{C765C1F0-16E9-40EF-806C-390AA2DDE00E}.Release|Any CPU.ActiveCfg = Release|Any CPU
		{C765C1F0-16E9-40EF-806C-390AA2DDE00E}.Release|Any CPU.Build.0 = Release|Any CPU
		{CE675090-7099-431A-ADDC-D439FBBC19AB}.Debug|Any CPU.ActiveCfg = Debug|Any CPU
		{CE675090-7099-431A-ADDC-D439FBBC19AB}.Debug|Any CPU.Build.0 = Debug|Any CPU
		{CE675090-7099-431A-ADDC-D439FBBC19AB}.Release|Any CPU.ActiveCfg = Release|Any CPU
		{CE675090-7099-431A-ADDC-D439FBBC19AB}.Release|Any CPU.Build.0 = Release|Any CPU
		{1D3593B4-4D77-4583-8D8D-BE55BB8E813B}.Debug|Any CPU.ActiveCfg = Debug|Any CPU
		{1D3593B4-4D77-4583-8D8D-BE55BB8E813B}.Debug|Any CPU.Build.0 = Debug|Any CPU
		{1D3593B4-4D77-4583-8D8D-BE55BB8E813B}.Release|Any CPU.ActiveCfg = Release|Any CPU
		{1D3593B4-4D77-4583-8D8D-BE55BB8E813B}.Release|Any CPU.Build.0 = Release|Any CPU
		{C99876E0-F649-4B2F-9E79-AB594E59A794}.Debug|Any CPU.ActiveCfg = Debug|Any CPU
		{C99876E0-F649-4B2F-9E79-AB594E59A794}.Debug|Any CPU.Build.0 = Debug|Any CPU
		{C99876E0-F649-4B2F-9E79-AB594E59A794}.Release|Any CPU.ActiveCfg = Release|Any CPU
		{C99876E0-F649-4B2F-9E79-AB594E59A794}.Release|Any CPU.Build.0 = Release|Any CPU
		{450F8BB7-B084-492E-8FEB-6DB46B4722D4}.Debug|Any CPU.ActiveCfg = Debug|Any CPU
		{450F8BB7-B084-492E-8FEB-6DB46B4722D4}.Debug|Any CPU.Build.0 = Debug|Any CPU
		{450F8BB7-B084-492E-8FEB-6DB46B4722D4}.Release|Any CPU.ActiveCfg = Release|Any CPU
		{450F8BB7-B084-492E-8FEB-6DB46B4722D4}.Release|Any CPU.Build.0 = Release|Any CPU
		{046D024A-7BE6-432F-9D8B-524E22CD88B1}.Debug|Any CPU.ActiveCfg = Debug|Any CPU
		{046D024A-7BE6-432F-9D8B-524E22CD88B1}.Debug|Any CPU.Build.0 = Debug|Any CPU
		{046D024A-7BE6-432F-9D8B-524E22CD88B1}.Release|Any CPU.ActiveCfg = Release|Any CPU
		{046D024A-7BE6-432F-9D8B-524E22CD88B1}.Release|Any CPU.Build.0 = Release|Any CPU
		{A4B45DD6-E86B-4F7F-9676-D062A303793F}.Debug|Any CPU.ActiveCfg = Debug|Any CPU
		{A4B45DD6-E86B-4F7F-9676-D062A303793F}.Debug|Any CPU.Build.0 = Debug|Any CPU
		{A4B45DD6-E86B-4F7F-9676-D062A303793F}.Release|Any CPU.ActiveCfg = Release|Any CPU
		{A4B45DD6-E86B-4F7F-9676-D062A303793F}.Release|Any CPU.Build.0 = Release|Any CPU
	EndGlobalSection
	GlobalSection(SolutionProperties) = preSolution
		HideSolutionNode = FALSE
	EndGlobalSection
EndGlobal
