
Microsoft Visual Studio Solution File, Format Version 12.00
# Visual Studio 2012
Project("{FAE04EC0-301F-11D3-BF4B-00C04F79EFBC}") = "02.ReverseString", "02.ReverseString\02.ReverseString.csproj", "{9108E315-57CD-4716-B350-C4C126D11796}"
EndProject
Project("{FAE04EC0-301F-11D3-BF4B-00C04F79EFBC}") = "03.Brackets", "03.Brackets\03.Brackets.csproj", "{A09A2214-01D9-464C-BDDC-D1CA205CE687}"
EndProject
Project("{FAE04EC0-301F-11D3-BF4B-00C04F79EFBC}") = "07.EncodeDecode", "07.EncodeDecode\07.EncodeDecode.csproj", "{BF939355-3D5C-4EF0-BE0C-34B7226E957B}"
EndProject
Project("{FAE04EC0-301F-11D3-BF4B-00C04F79EFBC}") = "04.SubStrInText", "04.SubStrInText\04.SubStrInText.csproj", "{A68CFFE6-1F94-426D-9638-CB63EE1E4DFA}"
EndProject
Project("{FAE04EC0-301F-11D3-BF4B-00C04F79EFBC}") = "06.LessThan20", "06.LessThan20\06.LessThan20.csproj", "{669FC393-1A95-4BF9-AF25-ECB603B37998}"
EndProject
Project("{FAE04EC0-301F-11D3-BF4B-00C04F79EFBC}") = "09.ForbiddenWords", "09.ForbiddenWords\09.ForbiddenWords.csproj", "{043234A9-E708-4328-8EC5-81FA0DCED23E}"
EndProject
Project("{FAE04EC0-301F-11D3-BF4B-00C04F79EFBC}") = "25.HtmlTitle", "25.HtmlTitle\25.HtmlTitle.csproj", "{ED8A1837-4889-4E33-A2B2-5C4E352BC101}"
EndProject
Project("{FAE04EC0-301F-11D3-BF4B-00C04F79EFBC}") = "23.ReplaceRepeated", "23.ReplaceRepeated\23.ReplaceRepeated.csproj", "{5A073DB5-3FB5-407C-B4F5-D675B348BA02}"
EndProject
Project("{FAE04EC0-301F-11D3-BF4B-00C04F79EFBC}") = "11.NumberFormats", "11.NumberFormats\11.NumberFormats.csproj", "{51412897-F4F3-456B-AEDE-B4EC359F04DE}"
EndProject
Project("{FAE04EC0-301F-11D3-BF4B-00C04F79EFBC}") = "12.URLParse", "12.URLParse\12.URLParse.csproj", "{4B8BAB19-5798-478E-9B17-E4EAD1599248}"
EndProject
Project("{FAE04EC0-301F-11D3-BF4B-00C04F79EFBC}") = "21.LettersCount", "21.LettersCount\21.LettersCount.csproj", "{03D655EB-B764-46EA-AC93-B9507C8B977F}"
EndProject
Project("{FAE04EC0-301F-11D3-BF4B-00C04F79EFBC}") = "20.Palindromes", "20.Palindromes\20.Palindromes.csproj", "{4C5E3B31-D732-4742-950A-1F473335E068}"
EndProject
Project("{FAE04EC0-301F-11D3-BF4B-00C04F79EFBC}") = "14.Dictionary", "14.Dictionary\14.Dictionary.csproj", "{D7616F55-81F9-4A15-BDD2-9DB5D4696993}"
EndProject
Project("{FAE04EC0-301F-11D3-BF4B-00C04F79EFBC}") = "19.ExtractDates", "19.ExtractDates\19.ExtractDates.csproj", "{C6003BBC-CE91-4850-906F-DF12EBFC2BBB}"
EndProject
Project("{FAE04EC0-301F-11D3-BF4B-00C04F79EFBC}") = "05.UpcaseWords", "05.UpcaseWords\05.UpcaseWords.csproj", "{31A61631-7F7B-42AA-AECD-01EE16712410}"
EndProject
Project("{FAE04EC0-301F-11D3-BF4B-00C04F79EFBC}") = "22.WordsCount", "22.WordsCount\22.WordsCount.csproj", "{D1BD3610-6CBE-4DEF-9288-0974CAAD58C7}"
EndProject
Project("{FAE04EC0-301F-11D3-BF4B-00C04F79EFBC}") = "13.ReverseWordsInSentence", "13.ReverseWordsInSentence\13.ReverseWordsInSentence.csproj", "{87F5167F-6269-4163-9F84-F41134FA0929}"
EndProject
Project("{FAE04EC0-301F-11D3-BF4B-00C04F79EFBC}") = "08.ExtractWords", "08.ExtractWords\08.ExtractWords.csproj", "{C4412320-8B2F-48CD-A31E-0B8D04A776E7}"
EndProject
Project("{FAE04EC0-301F-11D3-BF4B-00C04F79EFBC}") = "24.ListOfWords", "24.ListOfWords\24.ListOfWords.csproj", "{E42F0C61-31A3-4F01-BBE7-0F45EC3256E6}"
EndProject
Project("{FAE04EC0-301F-11D3-BF4B-00C04F79EFBC}") = "18.EmailsFromText", "18.EmailsFromText\18.EmailsFromText.csproj", "{6D8266D8-0580-4467-8E57-149D78E49005}"
EndProject
Project("{FAE04EC0-301F-11D3-BF4B-00C04F79EFBC}") = "10.StringToUnicode", "10.StringToUnicode\10.StringToUnicode.csproj", "{DB9C68EF-D33F-4D3F-83D0-2C8C76FB2B63}"
EndProject
Project("{FAE04EC0-301F-11D3-BF4B-00C04F79EFBC}") = "15.AhrefToUrl", "15.AhrefToUrl\15.AhrefToUrl.csproj", "{5D9DF76E-1AED-4C1C-8186-3CA072945697}"
EndProject
Project("{FAE04EC0-301F-11D3-BF4B-00C04F79EFBC}") = "16.DateToDate", "16.DateToDate\16.DateToDate.csproj", "{5BEE8DD9-0749-42DA-9F96-EDA879BE4DA3}"
EndProject
Project("{FAE04EC0-301F-11D3-BF4B-00C04F79EFBC}") = "17.After6h30min", "17.After6h30min\17.After6h30min.csproj", "{6777463B-DF60-4881-852B-86759F169185}"
EndProject
Global
	GlobalSection(SolutionConfigurationPlatforms) = preSolution
		Debug|Any CPU = Debug|Any CPU
		Release|Any CPU = Release|Any CPU
	EndGlobalSection
	GlobalSection(ProjectConfigurationPlatforms) = postSolution
		{9108E315-57CD-4716-B350-C4C126D11796}.Debug|Any CPU.ActiveCfg = Debug|Any CPU
		{9108E315-57CD-4716-B350-C4C126D11796}.Debug|Any CPU.Build.0 = Debug|Any CPU
		{9108E315-57CD-4716-B350-C4C126D11796}.Release|Any CPU.ActiveCfg = Release|Any CPU
		{9108E315-57CD-4716-B350-C4C126D11796}.Release|Any CPU.Build.0 = Release|Any CPU
		{A09A2214-01D9-464C-BDDC-D1CA205CE687}.Debug|Any CPU.ActiveCfg = Debug|Any CPU
		{A09A2214-01D9-464C-BDDC-D1CA205CE687}.Debug|Any CPU.Build.0 = Debug|Any CPU
		{A09A2214-01D9-464C-BDDC-D1CA205CE687}.Release|Any CPU.ActiveCfg = Release|Any CPU
		{A09A2214-01D9-464C-BDDC-D1CA205CE687}.Release|Any CPU.Build.0 = Release|Any CPU
		{BF939355-3D5C-4EF0-BE0C-34B7226E957B}.Debug|Any CPU.ActiveCfg = Debug|Any CPU
		{BF939355-3D5C-4EF0-BE0C-34B7226E957B}.Debug|Any CPU.Build.0 = Debug|Any CPU
		{BF939355-3D5C-4EF0-BE0C-34B7226E957B}.Release|Any CPU.ActiveCfg = Release|Any CPU
		{BF939355-3D5C-4EF0-BE0C-34B7226E957B}.Release|Any CPU.Build.0 = Release|Any CPU
		{A68CFFE6-1F94-426D-9638-CB63EE1E4DFA}.Debug|Any CPU.ActiveCfg = Debug|Any CPU
		{A68CFFE6-1F94-426D-9638-CB63EE1E4DFA}.Debug|Any CPU.Build.0 = Debug|Any CPU
		{A68CFFE6-1F94-426D-9638-CB63EE1E4DFA}.Release|Any CPU.ActiveCfg = Release|Any CPU
		{A68CFFE6-1F94-426D-9638-CB63EE1E4DFA}.Release|Any CPU.Build.0 = Release|Any CPU
		{669FC393-1A95-4BF9-AF25-ECB603B37998}.Debug|Any CPU.ActiveCfg = Debug|Any CPU
		{669FC393-1A95-4BF9-AF25-ECB603B37998}.Debug|Any CPU.Build.0 = Debug|Any CPU
		{669FC393-1A95-4BF9-AF25-ECB603B37998}.Release|Any CPU.ActiveCfg = Release|Any CPU
		{669FC393-1A95-4BF9-AF25-ECB603B37998}.Release|Any CPU.Build.0 = Release|Any CPU
		{043234A9-E708-4328-8EC5-81FA0DCED23E}.Debug|Any CPU.ActiveCfg = Debug|Any CPU
		{043234A9-E708-4328-8EC5-81FA0DCED23E}.Debug|Any CPU.Build.0 = Debug|Any CPU
		{043234A9-E708-4328-8EC5-81FA0DCED23E}.Release|Any CPU.ActiveCfg = Release|Any CPU
		{043234A9-E708-4328-8EC5-81FA0DCED23E}.Release|Any CPU.Build.0 = Release|Any CPU
		{ED8A1837-4889-4E33-A2B2-5C4E352BC101}.Debug|Any CPU.ActiveCfg = Debug|Any CPU
		{ED8A1837-4889-4E33-A2B2-5C4E352BC101}.Debug|Any CPU.Build.0 = Debug|Any CPU
		{ED8A1837-4889-4E33-A2B2-5C4E352BC101}.Release|Any CPU.ActiveCfg = Release|Any CPU
		{ED8A1837-4889-4E33-A2B2-5C4E352BC101}.Release|Any CPU.Build.0 = Release|Any CPU
		{5A073DB5-3FB5-407C-B4F5-D675B348BA02}.Debug|Any CPU.ActiveCfg = Debug|Any CPU
		{5A073DB5-3FB5-407C-B4F5-D675B348BA02}.Debug|Any CPU.Build.0 = Debug|Any CPU
		{5A073DB5-3FB5-407C-B4F5-D675B348BA02}.Release|Any CPU.ActiveCfg = Release|Any CPU
		{5A073DB5-3FB5-407C-B4F5-D675B348BA02}.Release|Any CPU.Build.0 = Release|Any CPU
		{51412897-F4F3-456B-AEDE-B4EC359F04DE}.Debug|Any CPU.ActiveCfg = Debug|Any CPU
		{51412897-F4F3-456B-AEDE-B4EC359F04DE}.Debug|Any CPU.Build.0 = Debug|Any CPU
		{51412897-F4F3-456B-AEDE-B4EC359F04DE}.Release|Any CPU.ActiveCfg = Release|Any CPU
		{51412897-F4F3-456B-AEDE-B4EC359F04DE}.Release|Any CPU.Build.0 = Release|Any CPU
		{4B8BAB19-5798-478E-9B17-E4EAD1599248}.Debug|Any CPU.ActiveCfg = Debug|Any CPU
		{4B8BAB19-5798-478E-9B17-E4EAD1599248}.Debug|Any CPU.Build.0 = Debug|Any CPU
		{4B8BAB19-5798-478E-9B17-E4EAD1599248}.Release|Any CPU.ActiveCfg = Release|Any CPU
		{4B8BAB19-5798-478E-9B17-E4EAD1599248}.Release|Any CPU.Build.0 = Release|Any CPU
		{03D655EB-B764-46EA-AC93-B9507C8B977F}.Debug|Any CPU.ActiveCfg = Debug|Any CPU
		{03D655EB-B764-46EA-AC93-B9507C8B977F}.Debug|Any CPU.Build.0 = Debug|Any CPU
		{03D655EB-B764-46EA-AC93-B9507C8B977F}.Release|Any CPU.ActiveCfg = Release|Any CPU
		{03D655EB-B764-46EA-AC93-B9507C8B977F}.Release|Any CPU.Build.0 = Release|Any CPU
		{4C5E3B31-D732-4742-950A-1F473335E068}.Debug|Any CPU.ActiveCfg = Debug|Any CPU
		{4C5E3B31-D732-4742-950A-1F473335E068}.Debug|Any CPU.Build.0 = Debug|Any CPU
		{4C5E3B31-D732-4742-950A-1F473335E068}.Release|Any CPU.ActiveCfg = Release|Any CPU
		{4C5E3B31-D732-4742-950A-1F473335E068}.Release|Any CPU.Build.0 = Release|Any CPU
		{D7616F55-81F9-4A15-BDD2-9DB5D4696993}.Debug|Any CPU.ActiveCfg = Debug|Any CPU
		{D7616F55-81F9-4A15-BDD2-9DB5D4696993}.Debug|Any CPU.Build.0 = Debug|Any CPU
		{D7616F55-81F9-4A15-BDD2-9DB5D4696993}.Release|Any CPU.ActiveCfg = Release|Any CPU
		{D7616F55-81F9-4A15-BDD2-9DB5D4696993}.Release|Any CPU.Build.0 = Release|Any CPU
		{C6003BBC-CE91-4850-906F-DF12EBFC2BBB}.Debug|Any CPU.ActiveCfg = Debug|Any CPU
		{C6003BBC-CE91-4850-906F-DF12EBFC2BBB}.Debug|Any CPU.Build.0 = Debug|Any CPU
		{C6003BBC-CE91-4850-906F-DF12EBFC2BBB}.Release|Any CPU.ActiveCfg = Release|Any CPU
		{C6003BBC-CE91-4850-906F-DF12EBFC2BBB}.Release|Any CPU.Build.0 = Release|Any CPU
		{31A61631-7F7B-42AA-AECD-01EE16712410}.Debug|Any CPU.ActiveCfg = Debug|Any CPU
		{31A61631-7F7B-42AA-AECD-01EE16712410}.Debug|Any CPU.Build.0 = Debug|Any CPU
		{31A61631-7F7B-42AA-AECD-01EE16712410}.Release|Any CPU.ActiveCfg = Release|Any CPU
		{31A61631-7F7B-42AA-AECD-01EE16712410}.Release|Any CPU.Build.0 = Release|Any CPU
		{D1BD3610-6CBE-4DEF-9288-0974CAAD58C7}.Debug|Any CPU.ActiveCfg = Debug|Any CPU
		{D1BD3610-6CBE-4DEF-9288-0974CAAD58C7}.Debug|Any CPU.Build.0 = Debug|Any CPU
		{D1BD3610-6CBE-4DEF-9288-0974CAAD58C7}.Release|Any CPU.ActiveCfg = Release|Any CPU
		{D1BD3610-6CBE-4DEF-9288-0974CAAD58C7}.Release|Any CPU.Build.0 = Release|Any CPU
		{87F5167F-6269-4163-9F84-F41134FA0929}.Debug|Any CPU.ActiveCfg = Debug|Any CPU
		{87F5167F-6269-4163-9F84-F41134FA0929}.Debug|Any CPU.Build.0 = Debug|Any CPU
		{87F5167F-6269-4163-9F84-F41134FA0929}.Release|Any CPU.ActiveCfg = Release|Any CPU
		{87F5167F-6269-4163-9F84-F41134FA0929}.Release|Any CPU.Build.0 = Release|Any CPU
		{C4412320-8B2F-48CD-A31E-0B8D04A776E7}.Debug|Any CPU.ActiveCfg = Debug|Any CPU
		{C4412320-8B2F-48CD-A31E-0B8D04A776E7}.Debug|Any CPU.Build.0 = Debug|Any CPU
		{C4412320-8B2F-48CD-A31E-0B8D04A776E7}.Release|Any CPU.ActiveCfg = Release|Any CPU
		{C4412320-8B2F-48CD-A31E-0B8D04A776E7}.Release|Any CPU.Build.0 = Release|Any CPU
		{E42F0C61-31A3-4F01-BBE7-0F45EC3256E6}.Debug|Any CPU.ActiveCfg = Debug|Any CPU
		{E42F0C61-31A3-4F01-BBE7-0F45EC3256E6}.Debug|Any CPU.Build.0 = Debug|Any CPU
		{E42F0C61-31A3-4F01-BBE7-0F45EC3256E6}.Release|Any CPU.ActiveCfg = Release|Any CPU
		{E42F0C61-31A3-4F01-BBE7-0F45EC3256E6}.Release|Any CPU.Build.0 = Release|Any CPU
		{6D8266D8-0580-4467-8E57-149D78E49005}.Debug|Any CPU.ActiveCfg = Debug|Any CPU
		{6D8266D8-0580-4467-8E57-149D78E49005}.Debug|Any CPU.Build.0 = Debug|Any CPU
		{6D8266D8-0580-4467-8E57-149D78E49005}.Release|Any CPU.ActiveCfg = Release|Any CPU
		{6D8266D8-0580-4467-8E57-149D78E49005}.Release|Any CPU.Build.0 = Release|Any CPU
		{DB9C68EF-D33F-4D3F-83D0-2C8C76FB2B63}.Debug|Any CPU.ActiveCfg = Debug|Any CPU
		{DB9C68EF-D33F-4D3F-83D0-2C8C76FB2B63}.Debug|Any CPU.Build.0 = Debug|Any CPU
		{DB9C68EF-D33F-4D3F-83D0-2C8C76FB2B63}.Release|Any CPU.ActiveCfg = Release|Any CPU
		{DB9C68EF-D33F-4D3F-83D0-2C8C76FB2B63}.Release|Any CPU.Build.0 = Release|Any CPU
		{5D9DF76E-1AED-4C1C-8186-3CA072945697}.Debug|Any CPU.ActiveCfg = Debug|Any CPU
		{5D9DF76E-1AED-4C1C-8186-3CA072945697}.Debug|Any CPU.Build.0 = Debug|Any CPU
		{5D9DF76E-1AED-4C1C-8186-3CA072945697}.Release|Any CPU.ActiveCfg = Release|Any CPU
		{5D9DF76E-1AED-4C1C-8186-3CA072945697}.Release|Any CPU.Build.0 = Release|Any CPU
		{5BEE8DD9-0749-42DA-9F96-EDA879BE4DA3}.Debug|Any CPU.ActiveCfg = Debug|Any CPU
		{5BEE8DD9-0749-42DA-9F96-EDA879BE4DA3}.Debug|Any CPU.Build.0 = Debug|Any CPU
		{5BEE8DD9-0749-42DA-9F96-EDA879BE4DA3}.Release|Any CPU.ActiveCfg = Release|Any CPU
		{5BEE8DD9-0749-42DA-9F96-EDA879BE4DA3}.Release|Any CPU.Build.0 = Release|Any CPU
		{6777463B-DF60-4881-852B-86759F169185}.Debug|Any CPU.ActiveCfg = Debug|Any CPU
		{6777463B-DF60-4881-852B-86759F169185}.Debug|Any CPU.Build.0 = Debug|Any CPU
		{6777463B-DF60-4881-852B-86759F169185}.Release|Any CPU.ActiveCfg = Release|Any CPU
		{6777463B-DF60-4881-852B-86759F169185}.Release|Any CPU.Build.0 = Release|Any CPU
	EndGlobalSection
	GlobalSection(SolutionProperties) = preSolution
		HideSolutionNode = FALSE
	EndGlobalSection
EndGlobal
